// !$*UTF8*$!
{
	archiveVersion = 1;
	classes = {
	};
	objectVersion = 50;
	objects = {

/* Begin PBXBuildFile section */
		2869D41523C9BAF2002AEFD1 /* AppDelegate.swift in Sources */ = {isa = PBXBuildFile; fileRef = 2869D41423C9BAF2002AEFD1 /* AppDelegate.swift */; };
		2869D41723C9BAF2002AEFD1 /* SceneDelegate.swift in Sources */ = {isa = PBXBuildFile; fileRef = 2869D41623C9BAF2002AEFD1 /* SceneDelegate.swift */; };
		2869D41923C9BAF2002AEFD1 /* ViewController.swift in Sources */ = {isa = PBXBuildFile; fileRef = 2869D41823C9BAF2002AEFD1 /* ViewController.swift */; };
		2869D41C23C9BAF2002AEFD1 /* Main.storyboard in Resources */ = {isa = PBXBuildFile; fileRef = 2869D41A23C9BAF2002AEFD1 /* Main.storyboard */; };
		2869D41F23C9BAF2002AEFD1 /* CiCd.xcdatamodeld in Sources */ = {isa = PBXBuildFile; fileRef = 2869D41D23C9BAF2002AEFD1 /* CiCd.xcdatamodeld */; };
		2869D42123C9BAF3002AEFD1 /* Assets.xcassets in Resources */ = {isa = PBXBuildFile; fileRef = 2869D42023C9BAF3002AEFD1 /* Assets.xcassets */; };
		2869D42423C9BAF3002AEFD1 /* LaunchScreen.storyboard in Resources */ = {isa = PBXBuildFile; fileRef = 2869D42223C9BAF3002AEFD1 /* LaunchScreen.storyboard */; };
		2869D42F23C9BAF3002AEFD1 /* CiCdTests.swift in Sources */ = {isa = PBXBuildFile; fileRef = 2869D42E23C9BAF3002AEFD1 /* CiCdTests.swift */; };
		2869D43A23C9BAF3002AEFD1 /* CiCdUITests.swift in Sources */ = {isa = PBXBuildFile; fileRef = 2869D43923C9BAF3002AEFD1 /* CiCdUITests.swift */; };
/* End PBXBuildFile section */

/* Begin PBXContainerItemProxy section */
		2869D42B23C9BAF3002AEFD1 /* PBXContainerItemProxy */ = {
			isa = PBXContainerItemProxy;
			containerPortal = 2869D40923C9BAF2002AEFD1 /* Project object */;
			proxyType = 1;
			remoteGlobalIDString = 2869D41023C9BAF2002AEFD1;
			remoteInfo = CiCd;
		};
		2869D43623C9BAF3002AEFD1 /* PBXContainerItemProxy */ = {
			isa = PBXContainerItemProxy;
			containerPortal = 2869D40923C9BAF2002AEFD1 /* Project object */;
			proxyType = 1;
			remoteGlobalIDString = 2869D41023C9BAF2002AEFD1;
			remoteInfo = CiCd;
		};
/* End PBXContainerItemProxy section */

/* Begin PBXFileReference section */
		2869D41123C9BAF2002AEFD1 /* CiCd.app */ = {isa = PBXFileReference; explicitFileType = wrapper.application; includeInIndex = 0; path = CiCd.app; sourceTree = BUILT_PRODUCTS_DIR; };
		2869D41423C9BAF2002AEFD1 /* AppDelegate.swift */ = {isa = PBXFileReference; lastKnownFileType = sourcecode.swift; path = AppDelegate.swift; sourceTree = "<group>"; };
		2869D41623C9BAF2002AEFD1 /* SceneDelegate.swift */ = {isa = PBXFileReference; lastKnownFileType = sourcecode.swift; path = SceneDelegate.swift; sourceTree = "<group>"; };
		2869D41823C9BAF2002AEFD1 /* ViewController.swift */ = {isa = PBXFileReference; lastKnownFileType = sourcecode.swift; path = ViewController.swift; sourceTree = "<group>"; };
		2869D41B23C9BAF2002AEFD1 /* Base */ = {isa = PBXFileReference; lastKnownFileType = file.storyboard; name = Base; path = Base.lproj/Main.storyboard; sourceTree = "<group>"; };
		2869D41E23C9BAF2002AEFD1 /* CiCd.xcdatamodel */ = {isa = PBXFileReference; lastKnownFileType = wrapper.xcdatamodel; path = CiCd.xcdatamodel; sourceTree = "<group>"; };
		2869D42023C9BAF3002AEFD1 /* Assets.xcassets */ = {isa = PBXFileReference; lastKnownFileType = folder.assetcatalog; path = Assets.xcassets; sourceTree = "<group>"; };
		2869D42323C9BAF3002AEFD1 /* Base */ = {isa = PBXFileReference; lastKnownFileType = file.storyboard; name = Base; path = Base.lproj/LaunchScreen.storyboard; sourceTree = "<group>"; };
		2869D42523C9BAF3002AEFD1 /* Info.plist */ = {isa = PBXFileReference; lastKnownFileType = text.plist.xml; path = Info.plist; sourceTree = "<group>"; };
		2869D42A23C9BAF3002AEFD1 /* CiCdTests.xctest */ = {isa = PBXFileReference; explicitFileType = wrapper.cfbundle; includeInIndex = 0; path = CiCdTests.xctest; sourceTree = BUILT_PRODUCTS_DIR; };
		2869D42E23C9BAF3002AEFD1 /* CiCdTests.swift */ = {isa = PBXFileReference; lastKnownFileType = sourcecode.swift; path = CiCdTests.swift; sourceTree = "<group>"; };
		2869D43023C9BAF3002AEFD1 /* Info.plist */ = {isa = PBXFileReference; lastKnownFileType = text.plist.xml; path = Info.plist; sourceTree = "<group>"; };
		2869D43523C9BAF3002AEFD1 /* CiCdUITests.xctest */ = {isa = PBXFileReference; explicitFileType = wrapper.cfbundle; includeInIndex = 0; path = CiCdUITests.xctest; sourceTree = BUILT_PRODUCTS_DIR; };
		2869D43923C9BAF3002AEFD1 /* CiCdUITests.swift */ = {isa = PBXFileReference; lastKnownFileType = sourcecode.swift; path = CiCdUITests.swift; sourceTree = "<group>"; };
		2869D43B23C9BAF3002AEFD1 /* Info.plist */ = {isa = PBXFileReference; lastKnownFileType = text.plist.xml; path = Info.plist; sourceTree = "<group>"; };
/* End PBXFileReference section */

/* Begin PBXFrameworksBuildPhase section */
		2869D40E23C9BAF2002AEFD1 /* Frameworks */ = {
			isa = PBXFrameworksBuildPhase;
			buildActionMask = 2147483647;
			files = (
			);
			runOnlyForDeploymentPostprocessing = 0;
		};
		2869D42723C9BAF3002AEFD1 /* Frameworks */ = {
			isa = PBXFrameworksBuildPhase;
			buildActionMask = 2147483647;
			files = (
			);
			runOnlyForDeploymentPostprocessing = 0;
		};
		2869D43223C9BAF3002AEFD1 /* Frameworks */ = {
			isa = PBXFrameworksBuildPhase;
			buildActionMask = 2147483647;
			files = (
			);
			runOnlyForDeploymentPostprocessing = 0;
		};
/* End PBXFrameworksBuildPhase section */

/* Begin PBXGroup section */
		2869D40823C9BAF2002AEFD1 = {
			isa = PBXGroup;
			children = (
				2869D41323C9BAF2002AEFD1 /* CiCd */,
				2869D42D23C9BAF3002AEFD1 /* CiCdTests */,
				2869D43823C9BAF3002AEFD1 /* CiCdUITests */,
				2869D41223C9BAF2002AEFD1 /* Products */,
			);
			sourceTree = "<group>";
		};
		2869D41223C9BAF2002AEFD1 /* Products */ = {
			isa = PBXGroup;
			children = (
				2869D41123C9BAF2002AEFD1 /* CiCd.app */,
				2869D42A23C9BAF3002AEFD1 /* CiCdTests.xctest */,
				2869D43523C9BAF3002AEFD1 /* CiCdUITests.xctest */,
			);
			name = Products;
			sourceTree = "<group>";
		};
		2869D41323C9BAF2002AEFD1 /* CiCd */ = {
			isa = PBXGroup;
			children = (
				2869D41423C9BAF2002AEFD1 /* AppDelegate.swift */,
				2869D41623C9BAF2002AEFD1 /* SceneDelegate.swift */,
				2869D41823C9BAF2002AEFD1 /* ViewController.swift */,
				2869D41A23C9BAF2002AEFD1 /* Main.storyboard */,
				2869D42023C9BAF3002AEFD1 /* Assets.xcassets */,
				2869D42223C9BAF3002AEFD1 /* LaunchScreen.storyboard */,
				2869D42523C9BAF3002AEFD1 /* Info.plist */,
				2869D41D23C9BAF2002AEFD1 /* CiCd.xcdatamodeld */,
			);
			path = CiCd;
			sourceTree = "<group>";
		};
		2869D42D23C9BAF3002AEFD1 /* CiCdTests */ = {
			isa = PBXGroup;
			children = (
				2869D42E23C9BAF3002AEFD1 /* CiCdTests.swift */,
				2869D43023C9BAF3002AEFD1 /* Info.plist */,
			);
			path = CiCdTests;
			sourceTree = "<group>";
		};
		2869D43823C9BAF3002AEFD1 /* CiCdUITests */ = {
			isa = PBXGroup;
			children = (
				2869D43923C9BAF3002AEFD1 /* CiCdUITests.swift */,
				2869D43B23C9BAF3002AEFD1 /* Info.plist */,
			);
			path = CiCdUITests;
			sourceTree = "<group>";
		};
/* End PBXGroup section */

/* Begin PBXNativeTarget section */
		2869D41023C9BAF2002AEFD1 /* CiCd */ = {
			isa = PBXNativeTarget;
			buildConfigurationList = 2869D43E23C9BAF3002AEFD1 /* Build configuration list for PBXNativeTarget "CiCd" */;
			buildPhases = (
				2869D40D23C9BAF2002AEFD1 /* Sources */,
				2869D40E23C9BAF2002AEFD1 /* Frameworks */,
				2869D40F23C9BAF2002AEFD1 /* Resources */,
			);
			buildRules = (
			);
			dependencies = (
			);
			name = CiCd;
			productName = CiCd;
			productReference = 2869D41123C9BAF2002AEFD1 /* CiCd.app */;
			productType = "com.apple.product-type.application";
		};
		2869D42923C9BAF3002AEFD1 /* CiCdTests */ = {
			isa = PBXNativeTarget;
			buildConfigurationList = 2869D44123C9BAF3002AEFD1 /* Build configuration list for PBXNativeTarget "CiCdTests" */;
			buildPhases = (
				2869D42623C9BAF3002AEFD1 /* Sources */,
				2869D42723C9BAF3002AEFD1 /* Frameworks */,
				2869D42823C9BAF3002AEFD1 /* Resources */,
			);
			buildRules = (
			);
			dependencies = (
				2869D42C23C9BAF3002AEFD1 /* PBXTargetDependency */,
			);
			name = CiCdTests;
			productName = CiCdTests;
			productReference = 2869D42A23C9BAF3002AEFD1 /* CiCdTests.xctest */;
			productType = "com.apple.product-type.bundle.unit-test";
		};
		2869D43423C9BAF3002AEFD1 /* CiCdUITests */ = {
			isa = PBXNativeTarget;
			buildConfigurationList = 2869D44423C9BAF3002AEFD1 /* Build configuration list for PBXNativeTarget "CiCdUITests" */;
			buildPhases = (
				2869D43123C9BAF3002AEFD1 /* Sources */,
				2869D43223C9BAF3002AEFD1 /* Frameworks */,
				2869D43323C9BAF3002AEFD1 /* Resources */,
			);
			buildRules = (
			);
			dependencies = (
				2869D43723C9BAF3002AEFD1 /* PBXTargetDependency */,
			);
			name = CiCdUITests;
			productName = CiCdUITests;
			productReference = 2869D43523C9BAF3002AEFD1 /* CiCdUITests.xctest */;
			productType = "com.apple.product-type.bundle.ui-testing";
		};
/* End PBXNativeTarget section */

/* Begin PBXProject section */
		2869D40923C9BAF2002AEFD1 /* Project object */ = {
			isa = PBXProject;
			attributes = {
				LastSwiftUpdateCheck = 1130;
				LastUpgradeCheck = 1130;
				ORGANIZATIONNAME = "Piyush Sharma";
				TargetAttributes = {
					2869D41023C9BAF2002AEFD1 = {
						CreatedOnToolsVersion = 11.3;
					};
					2869D42923C9BAF3002AEFD1 = {
						CreatedOnToolsVersion = 11.3;
						TestTargetID = 2869D41023C9BAF2002AEFD1;
					};
					2869D43423C9BAF3002AEFD1 = {
						CreatedOnToolsVersion = 11.3;
						TestTargetID = 2869D41023C9BAF2002AEFD1;
					};
				};
			};
			buildConfigurationList = 2869D40C23C9BAF2002AEFD1 /* Build configuration list for PBXProject "CiCd" */;
			compatibilityVersion = "Xcode 9.3";
			developmentRegion = en;
			hasScannedForEncodings = 0;
			knownRegions = (
				en,
				Base,
			);
			mainGroup = 2869D40823C9BAF2002AEFD1;
			productRefGroup = 2869D41223C9BAF2002AEFD1 /* Products */;
			projectDirPath = "";
			projectRoot = "";
			targets = (
				2869D41023C9BAF2002AEFD1 /* CiCd */,
				2869D42923C9BAF3002AEFD1 /* CiCdTests */,
				2869D43423C9BAF3002AEFD1 /* CiCdUITests */,
			);
		};
/* End PBXProject section */

/* Begin PBXResourcesBuildPhase section */
		2869D40F23C9BAF2002AEFD1 /* Resources */ = {
			isa = PBXResourcesBuildPhase;
			buildActionMask = 2147483647;
			files = (
				2869D42423C9BAF3002AEFD1 /* LaunchScreen.storyboard in Resources */,
				2869D42123C9BAF3002AEFD1 /* Assets.xcassets in Resources */,
				2869D41C23C9BAF2002AEFD1 /* Main.storyboard in Resources */,
			);
			runOnlyForDeploymentPostprocessing = 0;
		};
		2869D42823C9BAF3002AEFD1 /* Resources */ = {
			isa = PBXResourcesBuildPhase;
			buildActionMask = 2147483647;
			files = (
			);
			runOnlyForDeploymentPostprocessing = 0;
		};
		2869D43323C9BAF3002AEFD1 /* Resources */ = {
			isa = PBXResourcesBuildPhase;
			buildActionMask = 2147483647;
			files = (
			);
			runOnlyForDeploymentPostprocessing = 0;
		};
/* End PBXResourcesBuildPhase section */

/* Begin PBXSourcesBuildPhase section */
		2869D40D23C9BAF2002AEFD1 /* Sources */ = {
			isa = PBXSourcesBuildPhase;
			buildActionMask = 2147483647;
			files = (
				2869D41F23C9BAF2002AEFD1 /* CiCd.xcdatamodeld in Sources */,
				2869D41923C9BAF2002AEFD1 /* ViewController.swift in Sources */,
				2869D41523C9BAF2002AEFD1 /* AppDelegate.swift in Sources */,
				2869D41723C9BAF2002AEFD1 /* SceneDelegate.swift in Sources */,
			);
			runOnlyForDeploymentPostprocessing = 0;
		};
		2869D42623C9BAF3002AEFD1 /* Sources */ = {
			isa = PBXSourcesBuildPhase;
			buildActionMask = 2147483647;
			files = (
				2869D42F23C9BAF3002AEFD1 /* CiCdTests.swift in Sources */,
			);
			runOnlyForDeploymentPostprocessing = 0;
		};
		2869D43123C9BAF3002AEFD1 /* Sources */ = {
			isa = PBXSourcesBuildPhase;
			buildActionMask = 2147483647;
			files = (
				2869D43A23C9BAF3002AEFD1 /* CiCdUITests.swift in Sources */,
			);
			runOnlyForDeploymentPostprocessing = 0;
		};
/* End PBXSourcesBuildPhase section */

/* Begin PBXTargetDependency section */
		2869D42C23C9BAF3002AEFD1 /* PBXTargetDependency */ = {
			isa = PBXTargetDependency;
			target = 2869D41023C9BAF2002AEFD1 /* CiCd */;
			targetProxy = 2869D42B23C9BAF3002AEFD1 /* PBXContainerItemProxy */;
		};
		2869D43723C9BAF3002AEFD1 /* PBXTargetDependency */ = {
			isa = PBXTargetDependency;
			target = 2869D41023C9BAF2002AEFD1 /* CiCd */;
			targetProxy = 2869D43623C9BAF3002AEFD1 /* PBXContainerItemProxy */;
		};
/* End PBXTargetDependency section */

/* Begin PBXVariantGroup section */
		2869D41A23C9BAF2002AEFD1 /* Main.storyboard */ = {
			isa = PBXVariantGroup;
			children = (
				2869D41B23C9BAF2002AEFD1 /* Base */,
			);
			name = Main.storyboard;
			sourceTree = "<group>";
		};
		2869D42223C9BAF3002AEFD1 /* LaunchScreen.storyboard */ = {
			isa = PBXVariantGroup;
			children = (
				2869D42323C9BAF3002AEFD1 /* Base */,
			);
			name = LaunchScreen.storyboard;
			sourceTree = "<group>";
		};
/* End PBXVariantGroup section */

/* Begin XCBuildConfiguration section */
		2869D43C23C9BAF3002AEFD1 /* Debug */ = {
			isa = XCBuildConfiguration;
			buildSettings = {
				ALWAYS_SEARCH_USER_PATHS = NO;
				CLANG_ANALYZER_NONNULL = YES;
				CLANG_ANALYZER_NUMBER_OBJECT_CONVERSION = YES_AGGRESSIVE;
				CLANG_CXX_LANGUAGE_STANDARD = "gnu++14";
				CLANG_CXX_LIBRARY = "libc++";
				CLANG_ENABLE_MODULES = YES;
				CLANG_ENABLE_OBJC_ARC = YES;
				CLANG_ENABLE_OBJC_WEAK = YES;
				CLANG_WARN_BLOCK_CAPTURE_AUTORELEASING = YES;
				CLANG_WARN_BOOL_CONVERSION = YES;
				CLANG_WARN_COMMA = YES;
				CLANG_WARN_CONSTANT_CONVERSION = YES;
				CLANG_WARN_DEPRECATED_OBJC_IMPLEMENTATIONS = YES;
				CLANG_WARN_DIRECT_OBJC_ISA_USAGE = YES_ERROR;
				CLANG_WARN_DOCUMENTATION_COMMENTS = YES;
				CLANG_WARN_EMPTY_BODY = YES;
				CLANG_WARN_ENUM_CONVERSION = YES;
				CLANG_WARN_INFINITE_RECURSION = YES;
				CLANG_WARN_INT_CONVERSION = YES;
				CLANG_WARN_NON_LITERAL_NULL_CONVERSION = YES;
				CLANG_WARN_OBJC_IMPLICIT_RETAIN_SELF = YES;
				CLANG_WARN_OBJC_LITERAL_CONVERSION = YES;
				CLANG_WARN_OBJC_ROOT_CLASS = YES_ERROR;
				CLANG_WARN_RANGE_LOOP_ANALYSIS = YES;
				CLANG_WARN_STRICT_PROTOTYPES = YES;
				CLANG_WARN_SUSPICIOUS_MOVE = YES;
				CLANG_WARN_UNGUARDED_AVAILABILITY = YES_AGGRESSIVE;
				CLANG_WARN_UNREACHABLE_CODE = YES;
				CLANG_WARN__DUPLICATE_METHOD_MATCH = YES;
				COPY_PHASE_STRIP = NO;
				DEBUG_INFORMATION_FORMAT = dwarf;
				ENABLE_STRICT_OBJC_MSGSEND = YES;
				ENABLE_TESTABILITY = YES;
				GCC_C_LANGUAGE_STANDARD = gnu11;
				GCC_DYNAMIC_NO_PIC = NO;
				GCC_NO_COMMON_BLOCKS = YES;
				GCC_OPTIMIZATION_LEVEL = 0;
				GCC_PREPROCESSOR_DEFINITIONS = (
					"DEBUG=1",
					"$(inherited)",
				);
				GCC_WARN_64_TO_32_BIT_CONVERSION = YES;
				GCC_WARN_ABOUT_RETURN_TYPE = YES_ERROR;
				GCC_WARN_UNDECLARED_SELECTOR = YES;
				GCC_WARN_UNINITIALIZED_AUTOS = YES_AGGRESSIVE;
				GCC_WARN_UNUSED_FUNCTION = YES;
				GCC_WARN_UNUSED_VARIABLE = YES;
				IPHONEOS_DEPLOYMENT_TARGET = 13.2;
				MTL_ENABLE_DEBUG_INFO = INCLUDE_SOURCE;
				MTL_FAST_MATH = YES;
				ONLY_ACTIVE_ARCH = YES;
				SDKROOT = iphoneos;
				SWIFT_ACTIVE_COMPILATION_CONDITIONS = DEBUG;
				SWIFT_OPTIMIZATION_LEVEL = "-Onone";
			};
			name = Debug;
		};
		2869D43D23C9BAF3002AEFD1 /* Release */ = {
			isa = XCBuildConfiguration;
			buildSettings = {
				ALWAYS_SEARCH_USER_PATHS = NO;
				CLANG_ANALYZER_NONNULL = YES;
				CLANG_ANALYZER_NUMBER_OBJECT_CONVERSION = YES_AGGRESSIVE;
				CLANG_CXX_LANGUAGE_STANDARD = "gnu++14";
				CLANG_CXX_LIBRARY = "libc++";
				CLANG_ENABLE_MODULES = YES;
				CLANG_ENABLE_OBJC_ARC = YES;
				CLANG_ENABLE_OBJC_WEAK = YES;
				CLANG_WARN_BLOCK_CAPTURE_AUTORELEASING = YES;
				CLANG_WARN_BOOL_CONVERSION = YES;
				CLANG_WARN_COMMA = YES;
				CLANG_WARN_CONSTANT_CONVERSION = YES;
				CLANG_WARN_DEPRECATED_OBJC_IMPLEMENTATIONS = YES;
				CLANG_WARN_DIRECT_OBJC_ISA_USAGE = YES_ERROR;
				CLANG_WARN_DOCUMENTATION_COMMENTS = YES;
				CLANG_WARN_EMPTY_BODY = YES;
				CLANG_WARN_ENUM_CONVERSION = YES;
				CLANG_WARN_INFINITE_RECURSION = YES;
				CLANG_WARN_INT_CONVERSION = YES;
				CLANG_WARN_NON_LITERAL_NULL_CONVERSION = YES;
				CLANG_WARN_OBJC_IMPLICIT_RETAIN_SELF = YES;
				CLANG_WARN_OBJC_LITERAL_CONVERSION = YES;
				CLANG_WARN_OBJC_ROOT_CLASS = YES_ERROR;
				CLANG_WARN_RANGE_LOOP_ANALYSIS = YES;
				CLANG_WARN_STRICT_PROTOTYPES = YES;
				CLANG_WARN_SUSPICIOUS_MOVE = YES;
				CLANG_WARN_UNGUARDED_AVAILABILITY = YES_AGGRESSIVE;
				CLANG_WARN_UNREACHABLE_CODE = YES;
				CLANG_WARN__DUPLICATE_METHOD_MATCH = YES;
				COPY_PHASE_STRIP = NO;
				DEBUG_INFORMATION_FORMAT = "dwarf-with-dsym";
				ENABLE_NS_ASSERTIONS = NO;
				ENABLE_STRICT_OBJC_MSGSEND = YES;
				GCC_C_LANGUAGE_STANDARD = gnu11;
				GCC_NO_COMMON_BLOCKS = YES;
				GCC_WARN_64_TO_32_BIT_CONVERSION = YES;
				GCC_WARN_ABOUT_RETURN_TYPE = YES_ERROR;
				GCC_WARN_UNDECLARED_SELECTOR = YES;
				GCC_WARN_UNINITIALIZED_AUTOS = YES_AGGRESSIVE;
				GCC_WARN_UNUSED_FUNCTION = YES;
				GCC_WARN_UNUSED_VARIABLE = YES;
				IPHONEOS_DEPLOYMENT_TARGET = 13.2;
				MTL_ENABLE_DEBUG_INFO = NO;
				MTL_FAST_MATH = YES;
				SDKROOT = iphoneos;
				SWIFT_COMPILATION_MODE = wholemodule;
				SWIFT_OPTIMIZATION_LEVEL = "-O";
				VALIDATE_PRODUCT = YES;
			};
			name = Release;
		};
		2869D43F23C9BAF3002AEFD1 /* Debug */ = {
			isa = XCBuildConfiguration;
			buildSettings = {
				ASSETCATALOG_COMPILER_APPICON_NAME = AppIcon;
				CODE_SIGN_STYLE = Automatic;
				DEVELOPMENT_TEAM = YE6Y8999R9;
				INFOPLIST_FILE = CiCd/Info.plist;
				LD_RUNPATH_SEARCH_PATHS = (
					"$(inherited)",
					"@executable_path/Frameworks",
				);
				PRODUCT_BUNDLE_IDENTIFIER = com.convert.CiCd;
				PRODUCT_NAME = "$(TARGET_NAME)";
				SWIFT_VERSION = 5.0;
				TARGETED_DEVICE_FAMILY = "1,2";
			};
			name = Debug;
		};
		2869D44023C9BAF3002AEFD1 /* Release */ = {
			isa = XCBuildConfiguration;
			buildSettings = {
				ASSETCATALOG_COMPILER_APPICON_NAME = AppIcon;
				CODE_SIGN_STYLE = Automatic;
				DEVELOPMENT_TEAM = YE6Y8999R9;
				INFOPLIST_FILE = CiCd/Info.plist;
				LD_RUNPATH_SEARCH_PATHS = (
					"$(inherited)",
					"@executable_path/Frameworks",
				);
				PRODUCT_BUNDLE_IDENTIFIER = com.convert.CiCd;
				PRODUCT_NAME = "$(TARGET_NAME)";
				SWIFT_VERSION = 5.0;
				TARGETED_DEVICE_FAMILY = "1,2";
			};
			name = Release;
		};
		2869D44223C9BAF3002AEFD1 /* Debug */ = {
			isa = XCBuildConfiguration;
			buildSettings = {
				ALWAYS_EMBED_SWIFT_STANDARD_LIBRARIES = YES;
				BUNDLE_LOADER = "$(TEST_HOST)";
				CODE_SIGN_STYLE = Automatic;
				DEVELOPMENT_TEAM = YE6Y8999R9;
				INFOPLIST_FILE = CiCdTests/Info.plist;
				IPHONEOS_DEPLOYMENT_TARGET = 13.2;
				LD_RUNPATH_SEARCH_PATHS = (
					"$(inherited)",
					"@executable_path/Frameworks",
					"@loader_path/Frameworks",
				);
				PRODUCT_BUNDLE_IDENTIFIER = com.convert.CiCdTests;
				PRODUCT_NAME = "$(TARGET_NAME)";
				SWIFT_VERSION = 5.0;
				TARGETED_DEVICE_FAMILY = "1,2";
				TEST_HOST = "$(BUILT_PRODUCTS_DIR)/CiCd.app/CiCd";
			};
			name = Debug;
		};
		2869D44323C9BAF3002AEFD1 /* Release */ = {
			isa = XCBuildConfiguration;
			buildSettings = {
				ALWAYS_EMBED_SWIFT_STANDARD_LIBRARIES = YES;
				BUNDLE_LOADER = "$(TEST_HOST)";
				CODE_SIGN_STYLE = Automatic;
				DEVELOPMENT_TEAM = YE6Y8999R9;
				INFOPLIST_FILE = CiCdTests/Info.plist;
				IPHONEOS_DEPLOYMENT_TARGET = 13.2;
				LD_RUNPATH_SEARCH_PATHS = (
					"$(inherited)",
					"@executable_path/Frameworks",
					"@loader_path/Frameworks",
				);
				PRODUCT_BUNDLE_IDENTIFIER = com.convert.CiCdTests;
				PRODUCT_NAME = "$(TARGET_NAME)";
				SWIFT_VERSION = 5.0;
				TARGETED_DEVICE_FAMILY = "1,2";
				TEST_HOST = "$(BUILT_PRODUCTS_DIR)/CiCd.app/CiCd";
			};
			name = Release;
		};
		2869D44523C9BAF3002AEFD1 /* Debug */ = {
			isa = XCBuildConfiguration;
			buildSettings = {
				ALWAYS_EMBED_SWIFT_STANDARD_LIBRARIES = YES;
				CODE_SIGN_STYLE = Automatic;
				DEVELOPMENT_TEAM = YE6Y8999R9;
				INFOPLIST_FILE = CiCdUITests/Info.plist;
				LD_RUNPATH_SEARCH_PATHS = (
					"$(inherited)",
					"@executable_path/Frameworks",
					"@loader_path/Frameworks",
				);
				PRODUCT_BUNDLE_IDENTIFIER = com.convert.CiCdUITests;
				PRODUCT_NAME = "$(TARGET_NAME)";
				SWIFT_VERSION = 5.0;
				TARGETED_DEVICE_FAMILY = "1,2";
				TEST_TARGET_NAME = CiCd;
			};
			name = Debug;
		};
		2869D44623C9BAF3002AEFD1 /* Release */ = {
			isa = XCBuildConfiguration;
			buildSettings = {
				ALWAYS_EMBED_SWIFT_STANDARD_LIBRARIES = YES;
				CODE_SIGN_STYLE = Automatic;
				DEVELOPMENT_TEAM = YE6Y8999R9;
				INFOPLIST_FILE = CiCdUITests/Info.plist;
				LD_RUNPATH_SEARCH_PATHS = (
					"$(inherited)",
					"@executable_path/Frameworks",
					"@loader_path/Frameworks",
				);
				PRODUCT_BUNDLE_IDENTIFIER = com.convert.CiCdUITests;
				PRODUCT_NAME = "$(TARGET_NAME)";
				SWIFT_VERSION = 5.0;
				TARGETED_DEVICE_FAMILY = "1,2";
				TEST_TARGET_NAME = CiCd;
			};
			name = Release;
		};
/* End XCBuildConfiguration section */

/* Begin XCConfigurationList section */
		2869D40C23C9BAF2002AEFD1 /* Build configuration list for PBXProject "CiCd" */ = {
			isa = XCConfigurationList;
			buildConfigurations = (
				2869D43C23C9BAF3002AEFD1 /* Debug */,
				2869D43D23C9BAF3002AEFD1 /* Release */,
			);
			defaultConfigurationIsVisible = 0;
			defaultConfigurationName = Release;
		};
		2869D43E23C9BAF3002AEFD1 /* Build configuration list for PBXNativeTarget "CiCd" */ = {
			isa = XCConfigurationList;
			buildConfigurations = (
				2869D43F23C9BAF3002AEFD1 /* Debug */,
				2869D44023C9BAF3002AEFD1 /* Release */,
			);
			defaultConfigurationIsVisible = 0;
			defaultConfigurationName = Release;
		};
		2869D44123C9BAF3002AEFD1 /* Build configuration list for PBXNativeTarget "CiCdTests" */ = {
			isa = XCConfigurationList;
			buildConfigurations = (
				2869D44223C9BAF3002AEFD1 /* Debug */,
				2869D44323C9BAF3002AEFD1 /* Release */,
			);
			defaultConfigurationIsVisible = 0;
			defaultConfigurationName = Release;
		};
		2869D44423C9BAF3002AEFD1 /* Build configuration list for PBXNativeTarget "CiCdUITests" */ = {
			isa = XCConfigurationList;
			buildConfigurations = (
				2869D44523C9BAF3002AEFD1 /* Debug */,
				2869D44623C9BAF3002AEFD1 /* Release */,
			);
			defaultConfigurationIsVisible = 0;
			defaultConfigurationName = Release;
		};
/* End XCConfigurationList section */

/* Begin XCVersionGroup section */
		2869D41D23C9BAF2002AEFD1 /* CiCd.xcdatamodeld */ = {
			isa = XCVersionGroup;
			children = (
				2869D41E23C9BAF2002AEFD1 /* CiCd.xcdatamodel */,
			);
			currentVersion = 2869D41E23C9BAF2002AEFD1 /* CiCd.xcdatamodel */;
			path = CiCd.xcdatamodeld;
			sourceTree = "<group>";
			versionGroupType = wrapper.xcdatamodel;
		};
/* End XCVersionGroup section */
	};
	rootObject = 2869D40923C9BAF2002AEFD1 /* Project object */;
}
